
Microsoft Visual Studio Solution File, Format Version 12.00
# Visual Studio Version 16
VisualStudioVersion = 16.0.29503.13
MinimumVisualStudioVersion = 10.0.40219.1
Project("{FAE04EC0-301F-11D3-BF4B-00C04F79EFBC}") = "Swizzer.Web.Api", "src\web\Swizzer.Web.Api\Swizzer.Web.Api.csproj", "{444A16AD-D4FE-4F10-87DA-DEDA2B529683}"
EndProject
Project("{FAE04EC0-301F-11D3-BF4B-00C04F79EFBC}") = "Swizzer.Web.Infrastructure", "src\web\Swizzer.Web.Infrastructure\Swizzer.Web.Infrastructure.csproj", "{D56BCBC3-85E1-4364-AAEC-A3EA63B29B06}"
EndProject
Project("{2150E333-8FDC-42A3-9474-1A3956D46DE8}") = "shared", "shared", "{735CDF9E-7BB4-4112-BC4A-3F840C67EEA1}"
EndProject
Project("{FAE04EC0-301F-11D3-BF4B-00C04F79EFBC}") = "Swizzer.Shared", "src\shared\Swizzer.Shared\Swizzer.Shared.csproj", "{46C7D4D0-886E-4928-BCC6-034182C4B06F}"
EndProject
Global
	GlobalSection(SolutionConfigurationPlatforms) = preSolution
		Debug|Any CPU = Debug|Any CPU
		Release|Any CPU = Release|Any CPU
	EndGlobalSection
	GlobalSection(ProjectConfigurationPlatforms) = postSolution
		{444A16AD-D4FE-4F10-87DA-DEDA2B529683}.Debug|Any CPU.ActiveCfg = Debug|Any CPU
		{444A16AD-D4FE-4F10-87DA-DEDA2B529683}.Debug|Any CPU.Build.0 = Debug|Any CPU
		{444A16AD-D4FE-4F10-87DA-DEDA2B529683}.Release|Any CPU.ActiveCfg = Release|Any CPU
		{444A16AD-D4FE-4F10-87DA-DEDA2B529683}.Release|Any CPU.Build.0 = Release|Any CPU
		{D56BCBC3-85E1-4364-AAEC-A3EA63B29B06}.Debug|Any CPU.ActiveCfg = Debug|Any CPU
		{D56BCBC3-85E1-4364-AAEC-A3EA63B29B06}.Debug|Any CPU.Build.0 = Debug|Any CPU
		{D56BCBC3-85E1-4364-AAEC-A3EA63B29B06}.Release|Any CPU.ActiveCfg = Release|Any CPU
		{D56BCBC3-85E1-4364-AAEC-A3EA63B29B06}.Release|Any CPU.Build.0 = Release|Any CPU
		{46C7D4D0-886E-4928-BCC6-034182C4B06F}.Debug|Any CPU.ActiveCfg = Debug|Any CPU
		{46C7D4D0-886E-4928-BCC6-034182C4B06F}.Debug|Any CPU.Build.0 = Debug|Any CPU
		{46C7D4D0-886E-4928-BCC6-034182C4B06F}.Release|Any CPU.ActiveCfg = Release|Any CPU
		{46C7D4D0-886E-4928-BCC6-034182C4B06F}.Release|Any CPU.Build.0 = Release|Any CPU
	EndGlobalSection
	GlobalSection(SolutionProperties) = preSolution
		HideSolutionNode = FALSE
	EndGlobalSection
	GlobalSection(NestedProjects) = preSolution
		{46C7D4D0-886E-4928-BCC6-034182C4B06F} = {735CDF9E-7BB4-4112-BC4A-3F840C67EEA1}
	EndGlobalSection
	GlobalSection(ExtensibilityGlobals) = postSolution
		SolutionGuid = {AEF0F3BC-4683-41B2-9257-F4238D0C5EB3}
	EndGlobalSection
EndGlobal
